
Microsoft Visual Studio Solution File, Format Version 12.00
# Visual Studio Version 17
VisualStudioVersion = 17.0.31903.59
MinimumVisualStudioVersion = 10.0.40219.1
Project("{8BC9CEB8-8B4A-11D0-8D11-00A0C91BC942}") = "Project1", "Project1\Project1.vcxproj", "{DE480B1E-A246-4D9E-8F27-ADB1F7F6A726}"
EndProject
Global
	GlobalSection(SolutionConfigurationPlatforms) = preSolution
		Debug|x64 = Debug|x64
		Debug|x86 = Debug|x86
		Release|x64 = Release|x64
		Release|x86 = Release|x86
	EndGlobalSection
	GlobalSection(ProjectConfigurationPlatforms) = postSolution
		{DE480B1E-A246-4D9E-8F27-ADB1F7F6A726}.Debug|x64.ActiveCfg = Debug|x64
		{DE480B1E-A246-4D9E-8F27-ADB1F7F6A726}.Debug|x64.Build.0 = Debug|x64
		{DE480B1E-A246-4D9E-8F27-ADB1F7F6A726}.Debug|x86.ActiveCfg = Debug|Win32
		{DE480B1E-A246-4D9E-8F27-ADB1F7F6A726}.Debug|x86.Build.0 = Debug|Win32
		{DE480B1E-A246-4D9E-8F27-ADB1F7F6A726}.Release|x64.ActiveCfg = Release|x64
		{DE480B1E-A246-4D9E-8F27-ADB1F7F6A726}.Release|x64.Build.0 = Release|x64
		{DE480B1E-A246-4D9E-8F27-ADB1F7F6A726}.Release|x86.ActiveCfg = Release|Win32
		{DE480B1E-A246-4D9E-8F27-ADB1F7F6A726}.Release|x86.Build.0 = Release|Win32
	EndGlobalSection
	GlobalSection(SolutionProperties) = preSolution
		HideSolutionNode = FALSE
	EndGlobalSection
	GlobalSection(ExtensibilityGlobals) = postSolution
		SolutionGuid = {69B5C644-01D0-4E5A-9E80-1D14A731DBE5}
	EndGlobalSection
EndGlobal
